
Microsoft Visual Studio Solution File, Format Version 12.00
# Visual Studio 15
VisualStudioVersion = 15.0.27130.2036
MinimumVisualStudioVersion = 10.0.40219.1
Project("{FAE04EC0-301F-11D3-BF4B-00C04F79EFBC}") = "Section1", "Section1\Section1.csproj", "{AA216C6A-7A3B-4D4B-9E45-E72EA8257A31}"
EndProject
Global
	GlobalSection(SolutionConfigurationPlatforms) = preSolution
		Debug|Any CPU = Debug|Any CPU
		Release|Any CPU = Release|Any CPU
	EndGlobalSection
	GlobalSection(ProjectConfigurationPlatforms) = postSolution
		{AA216C6A-7A3B-4D4B-9E45-E72EA8257A31}.Debug|Any CPU.ActiveCfg = Debug|Any CPU
		{AA216C6A-7A3B-4D4B-9E45-E72EA8257A31}.Debug|Any CPU.Build.0 = Debug|Any CPU
		{AA216C6A-7A3B-4D4B-9E45-E72EA8257A31}.Release|Any CPU.ActiveCfg = Release|Any CPU
		{AA216C6A-7A3B-4D4B-9E45-E72EA8257A31}.Release|Any CPU.Build.0 = Release|Any CPU
	EndGlobalSection
	GlobalSection(SolutionProperties) = preSolution
		HideSolutionNode = FALSE
	EndGlobalSection
	GlobalSection(ExtensibilityGlobals) = postSolution
		SolutionGuid = {DF8AC631-4B9F-4BFD-AB3F-DBC8D56FD5BB}
	EndGlobalSection
EndGlobal
